
Microsoft Visual Studio Solution File, Format Version 12.00
# Visual Studio Version 17
VisualStudioVersion = 17.5.002.0
MinimumVisualStudioVersion = 10.0.40219.1
Project("{9A19103F-16F7-4668-BE54-9A1E7A4F7556}") = "vestis", "vestis.csproj", "{B56B79E8-BBFC-4F57-9E88-CC947C69F1EB}"
EndProject
Global
	GlobalSection(SolutionConfigurationPlatforms) = preSolution
		Debug|Any CPU = Debug|Any CPU
		Release|Any CPU = Release|Any CPU
	EndGlobalSection
	GlobalSection(ProjectConfigurationPlatforms) = postSolution
		{B56B79E8-BBFC-4F57-9E88-CC947C69F1EB}.Debug|Any CPU.ActiveCfg = Debug|Any CPU
		{B56B79E8-BBFC-4F57-9E88-CC947C69F1EB}.Debug|Any CPU.Build.0 = Debug|Any CPU
		{B56B79E8-BBFC-4F57-9E88-CC947C69F1EB}.Release|Any CPU.ActiveCfg = Release|Any CPU
		{B56B79E8-BBFC-4F57-9E88-CC947C69F1EB}.Release|Any CPU.Build.0 = Release|Any CPU
	EndGlobalSection
	GlobalSection(SolutionProperties) = preSolution
		HideSolutionNode = FALSE
	EndGlobalSection
	GlobalSection(ExtensibilityGlobals) = postSolution
		SolutionGuid = {BAA27FF8-AA45-4131-8CBB-F19A6EBADB31}
	EndGlobalSection
EndGlobal
